
Microsoft Visual Studio Solution File, Format Version 12.00
# Visual Studio Version 17
VisualStudioVersion = 17.10.34916.146
MinimumVisualStudioVersion = 10.0.40219.1
Project("{FAE04EC0-301F-11D3-BF4B-00C04F79EFBC}") = "Assign1Shop", "Assign1Shop\Assign1Shop.csproj", "{28C6DC04-75C7-4AF3-AF8A-F7373D58AFDF}"
EndProject
Global
	GlobalSection(SolutionConfigurationPlatforms) = preSolution
		Debug|Any CPU = Debug|Any CPU
		Release|Any CPU = Release|Any CPU
	EndGlobalSection
	GlobalSection(ProjectConfigurationPlatforms) = postSolution
		{28C6DC04-75C7-4AF3-AF8A-F7373D58AFDF}.Debug|Any CPU.ActiveCfg = Debug|Any CPU
		{28C6DC04-75C7-4AF3-AF8A-F7373D58AFDF}.Debug|Any CPU.Build.0 = Debug|Any CPU
		{28C6DC04-75C7-4AF3-AF8A-F7373D58AFDF}.Release|Any CPU.ActiveCfg = Release|Any CPU
		{28C6DC04-75C7-4AF3-AF8A-F7373D58AFDF}.Release|Any CPU.Build.0 = Release|Any CPU
	EndGlobalSection
	GlobalSection(SolutionProperties) = preSolution
		HideSolutionNode = FALSE
	EndGlobalSection
	GlobalSection(ExtensibilityGlobals) = postSolution
		SolutionGuid = {7F3116A0-C4BE-4D21-A254-F4018527ED0E}
	EndGlobalSection
EndGlobal
