
Microsoft Visual Studio Solution File, Format Version 12.00
# Visual Studio Version 17
VisualStudioVersion = 17.10.34916.146
MinimumVisualStudioVersion = 10.0.40219.1
Project("{FAE04EC0-301F-11D3-BF4B-00C04F79EFBC}") = "Beef--it", "Beef--it\Beef--it.csproj", "{2A8F1D8B-B05F-4E04-9812-21D8FCB8F2F6}"
EndProject
Global
	GlobalSection(SolutionConfigurationPlatforms) = preSolution
		Debug|Any CPU = Debug|Any CPU
		Release|Any CPU = Release|Any CPU
	EndGlobalSection
	GlobalSection(ProjectConfigurationPlatforms) = postSolution
		{2A8F1D8B-B05F-4E04-9812-21D8FCB8F2F6}.Debug|Any CPU.ActiveCfg = Debug|Any CPU
		{2A8F1D8B-B05F-4E04-9812-21D8FCB8F2F6}.Debug|Any CPU.Build.0 = Debug|Any CPU
		{2A8F1D8B-B05F-4E04-9812-21D8FCB8F2F6}.Debug|Any CPU.Deploy.0 = Debug|Any CPU
		{2A8F1D8B-B05F-4E04-9812-21D8FCB8F2F6}.Release|Any CPU.ActiveCfg = Release|Any CPU
		{2A8F1D8B-B05F-4E04-9812-21D8FCB8F2F6}.Release|Any CPU.Build.0 = Release|Any CPU
		{2A8F1D8B-B05F-4E04-9812-21D8FCB8F2F6}.Release|Any CPU.Deploy.0 = Release|Any CPU
	EndGlobalSection
	GlobalSection(SolutionProperties) = preSolution
		HideSolutionNode = FALSE
	EndGlobalSection
	GlobalSection(ExtensibilityGlobals) = postSolution
		SolutionGuid = {E9DB9326-D755-4CBA-A115-A328C7BA7AD4}
	EndGlobalSection
EndGlobal
