
Microsoft Visual Studio Solution File, Format Version 12.00
# Visual Studio Version 17
VisualStudioVersion = 17.10.34916.146
MinimumVisualStudioVersion = 10.0.40219.1
Project("{FAE04EC0-301F-11D3-BF4B-00C04F79EFBC}") = "beef-it", "beef-it\beef-it.csproj", "{EAEBA5AB-FB5C-4A22-9711-B52FF0E81A6A}"
EndProject
Global
	GlobalSection(SolutionConfigurationPlatforms) = preSolution
		Debug|Any CPU = Debug|Any CPU
		Release|Any CPU = Release|Any CPU
	EndGlobalSection
	GlobalSection(ProjectConfigurationPlatforms) = postSolution
		{EAEBA5AB-FB5C-4A22-9711-B52FF0E81A6A}.Debug|Any CPU.ActiveCfg = Debug|Any CPU
		{EAEBA5AB-FB5C-4A22-9711-B52FF0E81A6A}.Debug|Any CPU.Build.0 = Debug|Any CPU
		{EAEBA5AB-FB5C-4A22-9711-B52FF0E81A6A}.Release|Any CPU.ActiveCfg = Release|Any CPU
		{EAEBA5AB-FB5C-4A22-9711-B52FF0E81A6A}.Release|Any CPU.Build.0 = Release|Any CPU
	EndGlobalSection
	GlobalSection(SolutionProperties) = preSolution
		HideSolutionNode = FALSE
	EndGlobalSection
	GlobalSection(ExtensibilityGlobals) = postSolution
		SolutionGuid = {FCAB1C4C-77BB-4A70-A8F0-BD9F958BA01B}
	EndGlobalSection
EndGlobal
